// !$*UTF8*$!
{
	archiveVersion = 1;
	classes = {
	};
	objectVersion = 46;
	objects = {

/* Begin PBXBuildFile section */
		2C0C4D811E9B1769009CD60A /* Hands.swift in Sources */ = {isa = PBXBuildFile; fileRef = 2C0C4D801E9B1769009CD60A /* Hands.swift */; };
		2C3C83D01EB1A9FA00983034 /* GameHandler.swift in Sources */ = {isa = PBXBuildFile; fileRef = 2C3C83CF1EB1A9FA00983034 /* GameHandler.swift */; };
		2C3C83D41EB6EDFC00983034 /* StatsUpdater.swift in Sources */ = {isa = PBXBuildFile; fileRef = 2C3C83D31EB6EDFC00983034 /* StatsUpdater.swift */; };
		2C4166941EEC6E3700247606 /* CardSelectorViewController.swift in Sources */ = {isa = PBXBuildFile; fileRef = 2C4166931EEC6E3700247606 /* CardSelectorViewController.swift */; };
		2C4166961EEC8AAC00247606 /* CardPreview.swift in Sources */ = {isa = PBXBuildFile; fileRef = 2C4166951EEC8AAC00247606 /* CardPreview.swift */; };
		2C4C2EB81E95DE1C0073A377 /* Card.swift in Sources */ = {isa = PBXBuildFile; fileRef = 2C4C2EB71E95DE1C0073A377 /* Card.swift */; };
		2C4C2EBA1E95DFDF0073A377 /* Suits.swift in Sources */ = {isa = PBXBuildFile; fileRef = 2C4C2EB91E95DFDF0073A377 /* Suits.swift */; };
		2C4C2EBF1E9751E80073A377 /* CardPicker.swift in Sources */ = {isa = PBXBuildFile; fileRef = 2C4C2EBE1E9751E80073A377 /* CardPicker.swift */; };
		2C5060691E9341A600B0D6DA /* AppDelegate.swift in Sources */ = {isa = PBXBuildFile; fileRef = 2C5060681E9341A600B0D6DA /* AppDelegate.swift */; };
		2C50606B1E9341A600B0D6DA /* ViewController.swift in Sources */ = {isa = PBXBuildFile; fileRef = 2C50606A1E9341A600B0D6DA /* ViewController.swift */; };
		2C50606E1E9341A600B0D6DA /* Main.storyboard in Resources */ = {isa = PBXBuildFile; fileRef = 2C50606C1E9341A600B0D6DA /* Main.storyboard */; };
		2C5060701E9341A600B0D6DA /* Assets.xcassets in Resources */ = {isa = PBXBuildFile; fileRef = 2C50606F1E9341A600B0D6DA /* Assets.xcassets */; };
		2C5060731E9341A600B0D6DA /* LaunchScreen.storyboard in Resources */ = {isa = PBXBuildFile; fileRef = 2C5060711E9341A600B0D6DA /* LaunchScreen.storyboard */; };
		2C510CB71E9DCF75006AEC26 /* PokulatorTests.swift in Sources */ = {isa = PBXBuildFile; fileRef = 2C510CB61E9DCF75006AEC26 /* PokulatorTests.swift */; };
		2C510CBF1E9F08E6006AEC26 /* HandDetection.swift in Sources */ = {isa = PBXBuildFile; fileRef = 2C510CBE1E9F08E6006AEC26 /* HandDetection.swift */; };
		2C510CCB1EA08D84006AEC26 /* Utilities.swift in Sources */ = {isa = PBXBuildFile; fileRef = 2C510CCA1EA08D84006AEC26 /* Utilities.swift */; };
		2C510CD01EA41EF0006AEC26 /* OnePair.swift in Sources */ = {isa = PBXBuildFile; fileRef = 2C510CCF1EA41EF0006AEC26 /* OnePair.swift */; };
		2C510CD21EA46834006AEC26 /* TwoPair.swift in Sources */ = {isa = PBXBuildFile; fileRef = 2C510CD11EA46834006AEC26 /* TwoPair.swift */; };
		2C510CD41EA5A943006AEC26 /* ProbabilityUtilities.swift in Sources */ = {isa = PBXBuildFile; fileRef = 2C510CD31EA5A943006AEC26 /* ProbabilityUtilities.swift */; };
		2C55BF951E98AE1000C8CE87 /* Binomial.swift in Sources */ = {isa = PBXBuildFile; fileRef = 2C55BF941E98AE1000C8CE87 /* Binomial.swift */; };
		2C55BF971E98AE4E00C8CE87 /* Factorial.swift in Sources */ = {isa = PBXBuildFile; fileRef = 2C55BF961E98AE4E00C8CE87 /* Factorial.swift */; };
		2C55BF9B1E98AEC200C8CE87 /* Factors.swift in Sources */ = {isa = PBXBuildFile; fileRef = 2C55BF9A1E98AEC200C8CE87 /* Factors.swift */; };
		2C55BF9D1E98AF1E00C8CE87 /* OpponentsPicker.swift in Sources */ = {isa = PBXBuildFile; fileRef = 2C55BF9C1E98AF1E00C8CE87 /* OpponentsPicker.swift */; };
		2C55BF9F1E98AF5900C8CE87 /* Rational.swift in Sources */ = {isa = PBXBuildFile; fileRef = 2C55BF9E1E98AF5900C8CE87 /* Rational.swift */; };
		2CBCB9451EC7A2B600581EC9 /* HandComparison.swift in Sources */ = {isa = PBXBuildFile; fileRef = 2CBCB9441EC7A2B600581EC9 /* HandComparison.swift */; };
/* End PBXBuildFile section */

/* Begin PBXContainerItemProxy section */
		2C510CB91E9DCF75006AEC26 /* PBXContainerItemProxy */ = {
			isa = PBXContainerItemProxy;
			containerPortal = 2C50605D1E9341A600B0D6DA /* Project object */;
			proxyType = 1;
			remoteGlobalIDString = 2C5060641E9341A600B0D6DA;
			remoteInfo = Pokulator;
		};
/* End PBXContainerItemProxy section */

/* Begin PBXFileReference section */
		2C0C4D801E9B1769009CD60A /* Hands.swift */ = {isa = PBXFileReference; fileEncoding = 4; lastKnownFileType = sourcecode.swift; path = Hands.swift; sourceTree = "<group>"; };
		2C3C83CF1EB1A9FA00983034 /* GameHandler.swift */ = {isa = PBXFileReference; fileEncoding = 4; lastKnownFileType = sourcecode.swift; path = GameHandler.swift; sourceTree = "<group>"; };
		2C3C83D31EB6EDFC00983034 /* StatsUpdater.swift */ = {isa = PBXFileReference; fileEncoding = 4; lastKnownFileType = sourcecode.swift; path = StatsUpdater.swift; sourceTree = "<group>"; };
		2C4166931EEC6E3700247606 /* CardSelectorViewController.swift */ = {isa = PBXFileReference; fileEncoding = 4; lastKnownFileType = sourcecode.swift; path = CardSelectorViewController.swift; sourceTree = "<group>"; };
		2C4166951EEC8AAC00247606 /* CardPreview.swift */ = {isa = PBXFileReference; fileEncoding = 4; lastKnownFileType = sourcecode.swift; path = CardPreview.swift; sourceTree = "<group>"; };
		2C4C2EB71E95DE1C0073A377 /* Card.swift */ = {isa = PBXFileReference; fileEncoding = 4; lastKnownFileType = sourcecode.swift; path = Card.swift; sourceTree = "<group>"; };
		2C4C2EB91E95DFDF0073A377 /* Suits.swift */ = {isa = PBXFileReference; fileEncoding = 4; lastKnownFileType = sourcecode.swift; path = Suits.swift; sourceTree = "<group>"; };
		2C4C2EBE1E9751E80073A377 /* CardPicker.swift */ = {isa = PBXFileReference; fileEncoding = 4; lastKnownFileType = sourcecode.swift; path = CardPicker.swift; sourceTree = "<group>"; };
		2C5060651E9341A600B0D6DA /* Pokulator.app */ = {isa = PBXFileReference; explicitFileType = wrapper.application; includeInIndex = 0; path = Pokulator.app; sourceTree = BUILT_PRODUCTS_DIR; };
		2C5060681E9341A600B0D6DA /* AppDelegate.swift */ = {isa = PBXFileReference; lastKnownFileType = sourcecode.swift; path = AppDelegate.swift; sourceTree = "<group>"; };
		2C50606A1E9341A600B0D6DA /* ViewController.swift */ = {isa = PBXFileReference; lastKnownFileType = sourcecode.swift; path = ViewController.swift; sourceTree = "<group>"; };
		2C50606D1E9341A600B0D6DA /* Base */ = {isa = PBXFileReference; lastKnownFileType = file.storyboard; name = Base; path = Base.lproj/Main.storyboard; sourceTree = "<group>"; };
		2C50606F1E9341A600B0D6DA /* Assets.xcassets */ = {isa = PBXFileReference; lastKnownFileType = folder.assetcatalog; path = Assets.xcassets; sourceTree = "<group>"; };
		2C5060721E9341A600B0D6DA /* Base */ = {isa = PBXFileReference; lastKnownFileType = file.storyboard; name = Base; path = Base.lproj/LaunchScreen.storyboard; sourceTree = "<group>"; };
		2C5060741E9341A600B0D6DA /* Info.plist */ = {isa = PBXFileReference; lastKnownFileType = text.plist.xml; path = Info.plist; sourceTree = "<group>"; };
		2C510CB41E9DCF75006AEC26 /* PokulatorTests.xctest */ = {isa = PBXFileReference; explicitFileType = wrapper.cfbundle; includeInIndex = 0; path = PokulatorTests.xctest; sourceTree = BUILT_PRODUCTS_DIR; };
		2C510CB61E9DCF75006AEC26 /* PokulatorTests.swift */ = {isa = PBXFileReference; lastKnownFileType = sourcecode.swift; path = PokulatorTests.swift; sourceTree = "<group>"; };
		2C510CB81E9DCF75006AEC26 /* Info.plist */ = {isa = PBXFileReference; lastKnownFileType = text.plist.xml; path = Info.plist; sourceTree = "<group>"; };
		2C510CBE1E9F08E6006AEC26 /* HandDetection.swift */ = {isa = PBXFileReference; fileEncoding = 4; lastKnownFileType = sourcecode.swift; path = HandDetection.swift; sourceTree = "<group>"; };
		2C510CCA1EA08D84006AEC26 /* Utilities.swift */ = {isa = PBXFileReference; fileEncoding = 4; lastKnownFileType = sourcecode.swift; path = Utilities.swift; sourceTree = "<group>"; };
		2C510CCF1EA41EF0006AEC26 /* OnePair.swift */ = {isa = PBXFileReference; fileEncoding = 4; lastKnownFileType = sourcecode.swift; path = OnePair.swift; sourceTree = "<group>"; };
		2C510CD11EA46834006AEC26 /* TwoPair.swift */ = {isa = PBXFileReference; fileEncoding = 4; lastKnownFileType = sourcecode.swift; path = TwoPair.swift; sourceTree = "<group>"; };
		2C510CD31EA5A943006AEC26 /* ProbabilityUtilities.swift */ = {isa = PBXFileReference; fileEncoding = 4; lastKnownFileType = sourcecode.swift; path = ProbabilityUtilities.swift; sourceTree = "<group>"; };
		2C55BF941E98AE1000C8CE87 /* Binomial.swift */ = {isa = PBXFileReference; fileEncoding = 4; lastKnownFileType = sourcecode.swift; path = Binomial.swift; sourceTree = "<group>"; };
		2C55BF961E98AE4E00C8CE87 /* Factorial.swift */ = {isa = PBXFileReference; fileEncoding = 4; lastKnownFileType = sourcecode.swift; path = Factorial.swift; sourceTree = "<group>"; };
		2C55BF9A1E98AEC200C8CE87 /* Factors.swift */ = {isa = PBXFileReference; fileEncoding = 4; lastKnownFileType = sourcecode.swift; path = Factors.swift; sourceTree = "<group>"; };
		2C55BF9C1E98AF1E00C8CE87 /* OpponentsPicker.swift */ = {isa = PBXFileReference; fileEncoding = 4; lastKnownFileType = sourcecode.swift; path = OpponentsPicker.swift; sourceTree = "<group>"; };
		2C55BF9E1E98AF5900C8CE87 /* Rational.swift */ = {isa = PBXFileReference; fileEncoding = 4; lastKnownFileType = sourcecode.swift; path = Rational.swift; sourceTree = "<group>"; };
		2CBCB9441EC7A2B600581EC9 /* HandComparison.swift */ = {isa = PBXFileReference; fileEncoding = 4; lastKnownFileType = sourcecode.swift; path = HandComparison.swift; sourceTree = "<group>"; };
/* End PBXFileReference section */

/* Begin PBXFrameworksBuildPhase section */
		2C5060621E9341A600B0D6DA /* Frameworks */ = {
			isa = PBXFrameworksBuildPhase;
			buildActionMask = 2147483647;
			files = (
			);
			runOnlyForDeploymentPostprocessing = 0;
		};
		2C510CB11E9DCF75006AEC26 /* Frameworks */ = {
			isa = PBXFrameworksBuildPhase;
			buildActionMask = 2147483647;
			files = (
			);
			runOnlyForDeploymentPostprocessing = 0;
		};
/* End PBXFrameworksBuildPhase section */

/* Begin PBXGroup section */
		2C4C2EBD1E95E2290073A377 /* Cards */ = {
			isa = PBXGroup;
			children = (
				2C3C83CF1EB1A9FA00983034 /* GameHandler.swift */,
				2C510CBE1E9F08E6006AEC26 /* HandDetection.swift */,
				2C0C4D801E9B1769009CD60A /* Hands.swift */,
				2C4C2EB71E95DE1C0073A377 /* Card.swift */,
				2C4C2EB91E95DFDF0073A377 /* Suits.swift */,
			);
			name = Cards;
			sourceTree = "<group>";
		};
		2C50605C1E9341A600B0D6DA = {
			isa = PBXGroup;
			children = (
				2C5060671E9341A600B0D6DA /* Pokulator */,
				2C510CB51E9DCF75006AEC26 /* PokulatorTests */,
				2C5060661E9341A600B0D6DA /* Products */,
			);
			sourceTree = "<group>";
		};
		2C5060661E9341A600B0D6DA /* Products */ = {
			isa = PBXGroup;
			children = (
				2C5060651E9341A600B0D6DA /* Pokulator.app */,
				2C510CB41E9DCF75006AEC26 /* PokulatorTests.xctest */,
			);
			name = Products;
			sourceTree = "<group>";
		};
		2C5060671E9341A600B0D6DA /* Pokulator */ = {
			isa = PBXGroup;
			children = (
				2C5060681E9341A600B0D6DA /* AppDelegate.swift */,
				2C4166931EEC6E3700247606 /* CardSelectorViewController.swift */,
				2C50606A1E9341A600B0D6DA /* ViewController.swift */,
				2C50606C1E9341A600B0D6DA /* Main.storyboard */,
				2C510CC41EA058E3006AEC26 /* UI */,
				2C4C2EBD1E95E2290073A377 /* Cards */,
				2C55BF931E98ADF600C8CE87 /* Math */,
				2C510CC51EA05915006AEC26 /* Statistics */,
				2C50606F1E9341A600B0D6DA /* Assets.xcassets */,
				2C5060711E9341A600B0D6DA /* LaunchScreen.storyboard */,
				2C5060741E9341A600B0D6DA /* Info.plist */,
			);
			path = Pokulator;
			sourceTree = "<group>";
		};
		2C510CB51E9DCF75006AEC26 /* PokulatorTests */ = {
			isa = PBXGroup;
			children = (
				2C510CB61E9DCF75006AEC26 /* PokulatorTests.swift */,
				2CBCB9441EC7A2B600581EC9 /* HandComparison.swift */,
				2C510CB81E9DCF75006AEC26 /* Info.plist */,
			);
			path = PokulatorTests;
			sourceTree = "<group>";
		};
		2C510CC41EA058E3006AEC26 /* UI */ = {
			isa = PBXGroup;
			children = (
				2C55BF9C1E98AF1E00C8CE87 /* OpponentsPicker.swift */,
				2C4166951EEC8AAC00247606 /* CardPreview.swift */,
				2C3C83D31EB6EDFC00983034 /* StatsUpdater.swift */,
				2C4C2EBE1E9751E80073A377 /* CardPicker.swift */,
			);
			name = UI;
			sourceTree = "<group>";
		};
		2C510CC51EA05915006AEC26 /* Statistics */ = {
			isa = PBXGroup;
			children = (
				2C510CCE1EA41ECC006AEC26 /* Hand Probabilities */,
			);
			name = Statistics;
			sourceTree = "<group>";
		};
		2C510CCE1EA41ECC006AEC26 /* Hand Probabilities */ = {
			isa = PBXGroup;
			children = (
				2C510CD31EA5A943006AEC26 /* ProbabilityUtilities.swift */,
				2C510CCF1EA41EF0006AEC26 /* OnePair.swift */,
				2C510CD11EA46834006AEC26 /* TwoPair.swift */,
			);
			name = "Hand Probabilities";
			sourceTree = "<group>";
		};
		2C55BF931E98ADF600C8CE87 /* Math */ = {
			isa = PBXGroup;
			children = (
				2C510CCA1EA08D84006AEC26 /* Utilities.swift */,
				2C55BF941E98AE1000C8CE87 /* Binomial.swift */,
				2C55BF9E1E98AF5900C8CE87 /* Rational.swift */,
				2C55BF961E98AE4E00C8CE87 /* Factorial.swift */,
				2C55BF9A1E98AEC200C8CE87 /* Factors.swift */,
			);
			name = Math;
			sourceTree = "<group>";
		};
/* End PBXGroup section */

/* Begin PBXNativeTarget section */
		2C5060641E9341A600B0D6DA /* Pokulator */ = {
			isa = PBXNativeTarget;
			buildConfigurationList = 2C5060771E9341A600B0D6DA /* Build configuration list for PBXNativeTarget "Pokulator" */;
			buildPhases = (
				2C5060611E9341A600B0D6DA /* Sources */,
				2C5060621E9341A600B0D6DA /* Frameworks */,
				2C5060631E9341A600B0D6DA /* Resources */,
			);
			buildRules = (
			);
			dependencies = (
			);
			name = Pokulator;
			productName = Pokulator;
			productReference = 2C5060651E9341A600B0D6DA /* Pokulator.app */;
			productType = "com.apple.product-type.application";
		};
		2C510CB31E9DCF75006AEC26 /* PokulatorTests */ = {
			isa = PBXNativeTarget;
			buildConfigurationList = 2C510CBD1E9DCF75006AEC26 /* Build configuration list for PBXNativeTarget "PokulatorTests" */;
			buildPhases = (
				2C510CB01E9DCF75006AEC26 /* Sources */,
				2C510CB11E9DCF75006AEC26 /* Frameworks */,
				2C510CB21E9DCF75006AEC26 /* Resources */,
			);
			buildRules = (
			);
			dependencies = (
				2C510CBA1E9DCF75006AEC26 /* PBXTargetDependency */,
			);
			name = PokulatorTests;
			productName = PokulatorTests;
			productReference = 2C510CB41E9DCF75006AEC26 /* PokulatorTests.xctest */;
			productType = "com.apple.product-type.bundle.unit-test";
		};
/* End PBXNativeTarget section */

/* Begin PBXProject section */
		2C50605D1E9341A600B0D6DA /* Project object */ = {
			isa = PBXProject;
			attributes = {
				LastSwiftUpdateCheck = 0830;
				LastUpgradeCheck = 0830;
				ORGANIZATIONNAME = "Eddie Huang";
				TargetAttributes = {
					2C5060641E9341A600B0D6DA = {
						CreatedOnToolsVersion = 8.3;
						DevelopmentTeam = FB436C8524;
						ProvisioningStyle = Automatic;
					};
					2C510CB31E9DCF75006AEC26 = {
						CreatedOnToolsVersion = 8.3.1;
						DevelopmentTeam = FB436C8524;
						ProvisioningStyle = Automatic;
						TestTargetID = 2C5060641E9341A600B0D6DA;
					};
				};
			};
			buildConfigurationList = 2C5060601E9341A600B0D6DA /* Build configuration list for PBXProject "Pokulator" */;
			compatibilityVersion = "Xcode 3.2";
			developmentRegion = English;
			hasScannedForEncodings = 0;
			knownRegions = (
				en,
				Base,
			);
			mainGroup = 2C50605C1E9341A600B0D6DA;
			productRefGroup = 2C5060661E9341A600B0D6DA /* Products */;
			projectDirPath = "";
			projectRoot = "";
			targets = (
				2C5060641E9341A600B0D6DA /* Pokulator */,
				2C510CB31E9DCF75006AEC26 /* PokulatorTests */,
			);
		};
/* End PBXProject section */

/* Begin PBXResourcesBuildPhase section */
		2C5060631E9341A600B0D6DA /* Resources */ = {
			isa = PBXResourcesBuildPhase;
			buildActionMask = 2147483647;
			files = (
				2C5060731E9341A600B0D6DA /* LaunchScreen.storyboard in Resources */,
				2C5060701E9341A600B0D6DA /* Assets.xcassets in Resources */,
				2C50606E1E9341A600B0D6DA /* Main.storyboard in Resources */,
			);
			runOnlyForDeploymentPostprocessing = 0;
		};
		2C510CB21E9DCF75006AEC26 /* Resources */ = {
			isa = PBXResourcesBuildPhase;
			buildActionMask = 2147483647;
			files = (
			);
			runOnlyForDeploymentPostprocessing = 0;
		};
/* End PBXResourcesBuildPhase section */

/* Begin PBXSourcesBuildPhase section */
		2C5060611E9341A600B0D6DA /* Sources */ = {
			isa = PBXSourcesBuildPhase;
			buildActionMask = 2147483647;
			files = (
				2C4166961EEC8AAC00247606 /* CardPreview.swift in Sources */,
				2C55BF9D1E98AF1E00C8CE87 /* OpponentsPicker.swift in Sources */,
				2C510CD01EA41EF0006AEC26 /* OnePair.swift in Sources */,
				2C50606B1E9341A600B0D6DA /* ViewController.swift in Sources */,
				2C4C2EBF1E9751E80073A377 /* CardPicker.swift in Sources */,
				2C510CD41EA5A943006AEC26 /* ProbabilityUtilities.swift in Sources */,
				2C3C83D41EB6EDFC00983034 /* StatsUpdater.swift in Sources */,
				2C55BF971E98AE4E00C8CE87 /* Factorial.swift in Sources */,
				2C0C4D811E9B1769009CD60A /* Hands.swift in Sources */,
				2C510CCB1EA08D84006AEC26 /* Utilities.swift in Sources */,
				2C55BF9F1E98AF5900C8CE87 /* Rational.swift in Sources */,
				2C55BF9B1E98AEC200C8CE87 /* Factors.swift in Sources */,
				2C4C2EB81E95DE1C0073A377 /* Card.swift in Sources */,
				2C3C83D01EB1A9FA00983034 /* GameHandler.swift in Sources */,
				2C55BF951E98AE1000C8CE87 /* Binomial.swift in Sources */,
				2C4C2EBA1E95DFDF0073A377 /* Suits.swift in Sources */,
				2C510CD21EA46834006AEC26 /* TwoPair.swift in Sources */,
				2C4166941EEC6E3700247606 /* CardSelectorViewController.swift in Sources */,
				2C510CBF1E9F08E6006AEC26 /* HandDetection.swift in Sources */,
				2C5060691E9341A600B0D6DA /* AppDelegate.swift in Sources */,
			);
			runOnlyForDeploymentPostprocessing = 0;
		};
		2C510CB01E9DCF75006AEC26 /* Sources */ = {
			isa = PBXSourcesBuildPhase;
			buildActionMask = 2147483647;
			files = (
				2C510CB71E9DCF75006AEC26 /* PokulatorTests.swift in Sources */,
				2CBCB9451EC7A2B600581EC9 /* HandComparison.swift in Sources */,
			);
			runOnlyForDeploymentPostprocessing = 0;
		};
/* End PBXSourcesBuildPhase section */

/* Begin PBXTargetDependency section */
		2C510CBA1E9DCF75006AEC26 /* PBXTargetDependency */ = {
			isa = PBXTargetDependency;
			target = 2C5060641E9341A600B0D6DA /* Pokulator */;
			targetProxy = 2C510CB91E9DCF75006AEC26 /* PBXContainerItemProxy */;
		};
/* End PBXTargetDependency section */

/* Begin PBXVariantGroup section */
		2C50606C1E9341A600B0D6DA /* Main.storyboard */ = {
			isa = PBXVariantGroup;
			children = (
				2C50606D1E9341A600B0D6DA /* Base */,
			);
			name = Main.storyboard;
			sourceTree = "<group>";
		};
		2C5060711E9341A600B0D6DA /* LaunchScreen.storyboard */ = {
			isa = PBXVariantGroup;
			children = (
				2C5060721E9341A600B0D6DA /* Base */,
			);
			name = LaunchScreen.storyboard;
			sourceTree = "<group>";
		};
/* End PBXVariantGroup section */

/* Begin XCBuildConfiguration section */
		2C5060751E9341A600B0D6DA /* Debug */ = {
			isa = XCBuildConfiguration;
			buildSettings = {
				ALWAYS_SEARCH_USER_PATHS = NO;
				CLANG_ANALYZER_NONNULL = YES;
				CLANG_ANALYZER_NUMBER_OBJECT_CONVERSION = YES_AGGRESSIVE;
				CLANG_CXX_LANGUAGE_STANDARD = "gnu++0x";
				CLANG_CXX_LIBRARY = "libc++";
				CLANG_ENABLE_MODULES = YES;
				CLANG_ENABLE_OBJC_ARC = YES;
				CLANG_WARN_BOOL_CONVERSION = YES;
				CLANG_WARN_CONSTANT_CONVERSION = YES;
				CLANG_WARN_DIRECT_OBJC_ISA_USAGE = YES_ERROR;
				CLANG_WARN_DOCUMENTATION_COMMENTS = YES;
				CLANG_WARN_EMPTY_BODY = YES;
				CLANG_WARN_ENUM_CONVERSION = YES;
				CLANG_WARN_INFINITE_RECURSION = YES;
				CLANG_WARN_INT_CONVERSION = YES;
				CLANG_WARN_OBJC_ROOT_CLASS = YES_ERROR;
				CLANG_WARN_SUSPICIOUS_MOVE = YES;
				CLANG_WARN_UNREACHABLE_CODE = YES;
				CLANG_WARN__DUPLICATE_METHOD_MATCH = YES;
				"CODE_SIGN_IDENTITY[sdk=iphoneos*]" = "iPhone Developer";
				COPY_PHASE_STRIP = NO;
				DEBUG_INFORMATION_FORMAT = dwarf;
				ENABLE_STRICT_OBJC_MSGSEND = YES;
				ENABLE_TESTABILITY = YES;
				GCC_C_LANGUAGE_STANDARD = gnu99;
				GCC_DYNAMIC_NO_PIC = NO;
				GCC_NO_COMMON_BLOCKS = YES;
				GCC_OPTIMIZATION_LEVEL = 0;
				GCC_PREPROCESSOR_DEFINITIONS = (
					"DEBUG=1",
					"$(inherited)",
				);
				GCC_WARN_64_TO_32_BIT_CONVERSION = YES;
				GCC_WARN_ABOUT_RETURN_TYPE = YES_ERROR;
				GCC_WARN_UNDECLARED_SELECTOR = YES;
				GCC_WARN_UNINITIALIZED_AUTOS = YES_AGGRESSIVE;
				GCC_WARN_UNUSED_FUNCTION = YES;
				GCC_WARN_UNUSED_VARIABLE = YES;
				IPHONEOS_DEPLOYMENT_TARGET = 10.3;
				MTL_ENABLE_DEBUG_INFO = YES;
				ONLY_ACTIVE_ARCH = YES;
				SDKROOT = iphoneos;
				SWIFT_ACTIVE_COMPILATION_CONDITIONS = DEBUG;
				SWIFT_OPTIMIZATION_LEVEL = "-Onone";
				TARGETED_DEVICE_FAMILY = "1,2";
			};
			name = Debug;
		};
		2C5060761E9341A600B0D6DA /* Release */ = {
			isa = XCBuildConfiguration;
			buildSettings = {
				ALWAYS_SEARCH_USER_PATHS = NO;
				CLANG_ANALYZER_NONNULL = YES;
				CLANG_ANALYZER_NUMBER_OBJECT_CONVERSION = YES_AGGRESSIVE;
				CLANG_CXX_LANGUAGE_STANDARD = "gnu++0x";
				CLANG_CXX_LIBRARY = "libc++";
				CLANG_ENABLE_MODULES = YES;
				CLANG_ENABLE_OBJC_ARC = YES;
				CLANG_WARN_BOOL_CONVERSION = YES;
				CLANG_WARN_CONSTANT_CONVERSION = YES;
				CLANG_WARN_DIRECT_OBJC_ISA_USAGE = YES_ERROR;
				CLANG_WARN_DOCUMENTATION_COMMENTS = YES;
				CLANG_WARN_EMPTY_BODY = YES;
				CLANG_WARN_ENUM_CONVERSION = YES;
				CLANG_WARN_INFINITE_RECURSION = YES;
				CLANG_WARN_INT_CONVERSION = YES;
				CLANG_WARN_OBJC_ROOT_CLASS = YES_ERROR;
				CLANG_WARN_SUSPICIOUS_MOVE = YES;
				CLANG_WARN_UNREACHABLE_CODE = YES;
				CLANG_WARN__DUPLICATE_METHOD_MATCH = YES;
				"CODE_SIGN_IDENTITY[sdk=iphoneos*]" = "iPhone Developer";
				COPY_PHASE_STRIP = NO;
				DEBUG_INFORMATION_FORMAT = "dwarf-with-dsym";
				ENABLE_NS_ASSERTIONS = NO;
				ENABLE_STRICT_OBJC_MSGSEND = YES;
				GCC_C_LANGUAGE_STANDARD = gnu99;
				GCC_NO_COMMON_BLOCKS = YES;
				GCC_WARN_64_TO_32_BIT_CONVERSION = YES;
				GCC_WARN_ABOUT_RETURN_TYPE = YES_ERROR;
				GCC_WARN_UNDECLARED_SELECTOR = YES;
				GCC_WARN_UNINITIALIZED_AUTOS = YES_AGGRESSIVE;
				GCC_WARN_UNUSED_FUNCTION = YES;
				GCC_WARN_UNUSED_VARIABLE = YES;
				IPHONEOS_DEPLOYMENT_TARGET = 10.3;
				MTL_ENABLE_DEBUG_INFO = NO;
				SDKROOT = iphoneos;
				SWIFT_OPTIMIZATION_LEVEL = "-Owholemodule";
				TARGETED_DEVICE_FAMILY = "1,2";
				VALIDATE_PRODUCT = YES;
			};
			name = Release;
		};
		2C5060781E9341A600B0D6DA /* Debug */ = {
			isa = XCBuildConfiguration;
			buildSettings = {
				ASSETCATALOG_COMPILER_APPICON_NAME = AppIcon;
				DEVELOPMENT_TEAM = FB436C8524;
				INFOPLIST_FILE = Pokulator/Info.plist;
				LD_RUNPATH_SEARCH_PATHS = "$(inherited) @executable_path/Frameworks";
				PRODUCT_BUNDLE_IDENTIFIER = com.aigagror.Pokulator;
				PRODUCT_NAME = "$(TARGET_NAME)";
				SWIFT_VERSION = 3.0;
			};
			name = Debug;
		};
		2C5060791E9341A600B0D6DA /* Release */ = {
			isa = XCBuildConfiguration;
			buildSettings = {
				ASSETCATALOG_COMPILER_APPICON_NAME = AppIcon;
				DEVELOPMENT_TEAM = FB436C8524;
				INFOPLIST_FILE = Pokulator/Info.plist;
				LD_RUNPATH_SEARCH_PATHS = "$(inherited) @executable_path/Frameworks";
				PRODUCT_BUNDLE_IDENTIFIER = com.aigagror.Pokulator;
				PRODUCT_NAME = "$(TARGET_NAME)";
				SWIFT_VERSION = 3.0;
			};
			name = Release;
		};
		2C510CBB1E9DCF75006AEC26 /* Debug */ = {
			isa = XCBuildConfiguration;
			buildSettings = {
				BUNDLE_LOADER = "$(TEST_HOST)";
				DEVELOPMENT_TEAM = FB436C8524;
				INFOPLIST_FILE = PokulatorTests/Info.plist;
				LD_RUNPATH_SEARCH_PATHS = "$(inherited) @executable_path/Frameworks @loader_path/Frameworks";
				PRODUCT_BUNDLE_IDENTIFIER = com.aigagror.PokulatorTests;
				PRODUCT_NAME = "$(TARGET_NAME)";
				SWIFT_VERSION = 3.0;
				TEST_HOST = "$(BUILT_PRODUCTS_DIR)/Pokulator.app/Pokulator";
			};
			name = Debug;
		};
		2C510CBC1E9DCF75006AEC26 /* Release */ = {
			isa = XCBuildConfiguration;
			buildSettings = {
				BUNDLE_LOADER = "$(TEST_HOST)";
				DEVELOPMENT_TEAM = FB436C8524;
				INFOPLIST_FILE = PokulatorTests/Info.plist;
				LD_RUNPATH_SEARCH_PATHS = "$(inherited) @executable_path/Frameworks @loader_path/Frameworks";
				PRODUCT_BUNDLE_IDENTIFIER = com.aigagror.PokulatorTests;
				PRODUCT_NAME = "$(TARGET_NAME)";
				SWIFT_VERSION = 3.0;
				TEST_HOST = "$(BUILT_PRODUCTS_DIR)/Pokulator.app/Pokulator";
			};
			name = Release;
		};
/* End XCBuildConfiguration section */

/* Begin XCConfigurationList section */
		2C5060601E9341A600B0D6DA /* Build configuration list for PBXProject "Pokulator" */ = {
			isa = XCConfigurationList;
			buildConfigurations = (
				2C5060751E9341A600B0D6DA /* Debug */,
				2C5060761E9341A600B0D6DA /* Release */,
			);
			defaultConfigurationIsVisible = 0;
			defaultConfigurationName = Release;
		};
		2C5060771E9341A600B0D6DA /* Build configuration list for PBXNativeTarget "Pokulator" */ = {
			isa = XCConfigurationList;
			buildConfigurations = (
				2C5060781E9341A600B0D6DA /* Debug */,
				2C5060791E9341A600B0D6DA /* Release */,
			);
			defaultConfigurationIsVisible = 0;
			defaultConfigurationName = Release;
		};
		2C510CBD1E9DCF75006AEC26 /* Build configuration list for PBXNativeTarget "PokulatorTests" */ = {
			isa = XCConfigurationList;
			buildConfigurations = (
				2C510CBB1E9DCF75006AEC26 /* Debug */,
				2C510CBC1E9DCF75006AEC26 /* Release */,
			);
			defaultConfigurationIsVisible = 0;
			defaultConfigurationName = Release;
		};
/* End XCConfigurationList section */
	};
	rootObject = 2C50605D1E9341A600B0D6DA /* Project object */;
}
